// !$*UTF8*$!
{
	archiveVersion = 1;
	classes = {
	};
	objectVersion = 50;
	objects = {

/* Begin PBXBuildFile section */
		7C9DA6C523E3515E00F3176C /* AppDelegate.swift in Sources */ = {isa = PBXBuildFile; fileRef = 7C9DA6C423E3515E00F3176C /* AppDelegate.swift */; };
		7C9DA6C723E3515E00F3176C /* SceneDelegate.swift in Sources */ = {isa = PBXBuildFile; fileRef = 7C9DA6C623E3515E00F3176C /* SceneDelegate.swift */; };
		7C9DA6C923E3515E00F3176C /* ViewController.swift in Sources */ = {isa = PBXBuildFile; fileRef = 7C9DA6C823E3515E00F3176C /* ViewController.swift */; };
		7C9DA6CC23E3515E00F3176C /* Main.storyboard in Resources */ = {isa = PBXBuildFile; fileRef = 7C9DA6CA23E3515E00F3176C /* Main.storyboard */; };
		7C9DA6CE23E3515E00F3176C /* Assets.xcassets in Resources */ = {isa = PBXBuildFile; fileRef = 7C9DA6CD23E3515E00F3176C /* Assets.xcassets */; };
		7C9DA6D123E3515E00F3176C /* LaunchScreen.storyboard in Resources */ = {isa = PBXBuildFile; fileRef = 7C9DA6CF23E3515E00F3176C /* LaunchScreen.storyboard */; };
		7C9DA6D923E3562E00F3176C /* TaskSheet.xib in Resources */ = {isa = PBXBuildFile; fileRef = 7C9DA6D823E3562E00F3176C /* TaskSheet.xib */; };
/* End PBXBuildFile section */

/* Begin PBXFileReference section */
		7C9DA6C123E3515E00F3176C /* StackViewToPDF.app */ = {isa = PBXFileReference; explicitFileType = wrapper.application; includeInIndex = 0; path = StackViewToPDF.app; sourceTree = BUILT_PRODUCTS_DIR; };
		7C9DA6C423E3515E00F3176C /* AppDelegate.swift */ = {isa = PBXFileReference; lastKnownFileType = sourcecode.swift; path = AppDelegate.swift; sourceTree = "<group>"; };
		7C9DA6C623E3515E00F3176C /* SceneDelegate.swift */ = {isa = PBXFileReference; lastKnownFileType = sourcecode.swift; path = SceneDelegate.swift; sourceTree = "<group>"; };
		7C9DA6C823E3515E00F3176C /* ViewController.swift */ = {isa = PBXFileReference; lastKnownFileType = sourcecode.swift; path = ViewController.swift; sourceTree = "<group>"; };
		7C9DA6CB23E3515E00F3176C /* Base */ = {isa = PBXFileReference; lastKnownFileType = file.storyboard; name = Base; path = Base.lproj/Main.storyboard; sourceTree = "<group>"; };
		7C9DA6CD23E3515E00F3176C /* Assets.xcassets */ = {isa = PBXFileReference; lastKnownFileType = folder.assetcatalog; path = Assets.xcassets; sourceTree = "<group>"; };
		7C9DA6D023E3515E00F3176C /* Base */ = {isa = PBXFileReference; lastKnownFileType = file.storyboard; name = Base; path = Base.lproj/LaunchScreen.storyboard; sourceTree = "<group>"; };
		7C9DA6D223E3515E00F3176C /* Info.plist */ = {isa = PBXFileReference; lastKnownFileType = text.plist.xml; path = Info.plist; sourceTree = "<group>"; };
		7C9DA6D823E3562E00F3176C /* TaskSheet.xib */ = {isa = PBXFileReference; fileEncoding = 4; lastKnownFileType = file.xib; path = TaskSheet.xib; sourceTree = "<group>"; };
/* End PBXFileReference section */

/* Begin PBXFrameworksBuildPhase section */
		7C9DA6BE23E3515E00F3176C /* Frameworks */ = {
			isa = PBXFrameworksBuildPhase;
			buildActionMask = 2147483647;
			files = (
			);
			runOnlyForDeploymentPostprocessing = 0;
		};
/* End PBXFrameworksBuildPhase section */

/* Begin PBXGroup section */
		7C9DA6B823E3515E00F3176C = {
			isa = PBXGroup;
			children = (
				7C9DA6C323E3515E00F3176C /* StackViewToPDF */,
				7C9DA6C223E3515E00F3176C /* Products */,
			);
			sourceTree = "<group>";
		};
		7C9DA6C223E3515E00F3176C /* Products */ = {
			isa = PBXGroup;
			children = (
				7C9DA6C123E3515E00F3176C /* StackViewToPDF.app */,
			);
			name = Products;
			sourceTree = "<group>";
		};
		7C9DA6C323E3515E00F3176C /* StackViewToPDF */ = {
			isa = PBXGroup;
			children = (
				7C9DA6C423E3515E00F3176C /* AppDelegate.swift */,
				7C9DA6C623E3515E00F3176C /* SceneDelegate.swift */,
				7C9DA6C823E3515E00F3176C /* ViewController.swift */,
				7C9DA6CA23E3515E00F3176C /* Main.storyboard */,
				7C9DA6D823E3562E00F3176C /* TaskSheet.xib */,
				7C9DA6CD23E3515E00F3176C /* Assets.xcassets */,
				7C9DA6CF23E3515E00F3176C /* LaunchScreen.storyboard */,
				7C9DA6D223E3515E00F3176C /* Info.plist */,
			);
			path = StackViewToPDF;
			sourceTree = "<group>";
		};
/* End PBXGroup section */

/* Begin PBXNativeTarget section */
		7C9DA6C023E3515E00F3176C /* StackViewToPDF */ = {
			isa = PBXNativeTarget;
			buildConfigurationList = 7C9DA6D523E3515E00F3176C /* Build configuration list for PBXNativeTarget "StackViewToPDF" */;
			buildPhases = (
				7C9DA6BD23E3515E00F3176C /* Sources */,
				7C9DA6BE23E3515E00F3176C /* Frameworks */,
				7C9DA6BF23E3515E00F3176C /* Resources */,
			);
			buildRules = (
			);
			dependencies = (
			);
			name = StackViewToPDF;
			productName = StackViewToPDF;
			productReference = 7C9DA6C123E3515E00F3176C /* StackViewToPDF.app */;
			productType = "com.apple.product-type.application";
		};
/* End PBXNativeTarget section */

/* Begin PBXProject section */
		7C9DA6B923E3515E00F3176C /* Project object */ = {
			isa = PBXProject;
			attributes = {
				LastSwiftUpdateCheck = 1120;
				LastUpgradeCheck = 1120;
				ORGANIZATIONNAME = "Don Mag";
				TargetAttributes = {
					7C9DA6C023E3515E00F3176C = {
						CreatedOnToolsVersion = 11.2.1;
					};
				};
			};
			buildConfigurationList = 7C9DA6BC23E3515E00F3176C /* Build configuration list for PBXProject "StackViewToPDF" */;
			compatibilityVersion = "Xcode 9.3";
			developmentRegion = en;
			hasScannedForEncodings = 0;
			knownRegions = (
				en,
				Base,
			);
			mainGroup = 7C9DA6B823E3515E00F3176C;
			productRefGroup = 7C9DA6C223E3515E00F3176C /* Products */;
			projectDirPath = "";
			projectRoot = "";
			targets = (
				7C9DA6C023E3515E00F3176C /* StackViewToPDF */,
			);
		};
/* End PBXProject section */

/* Begin PBXResourcesBuildPhase section */
		7C9DA6BF23E3515E00F3176C /* Resources */ = {
			isa = PBXResourcesBuildPhase;
			buildActionMask = 2147483647;
			files = (
				7C9DA6D123E3515E00F3176C /* LaunchScreen.storyboard in Resources */,
				7C9DA6CE23E3515E00F3176C /* Assets.xcassets in Resources */,
				7C9DA6D923E3562E00F3176C /* TaskSheet.xib in Resources */,
				7C9DA6CC23E3515E00F3176C /* Main.storyboard in Resources */,
			);
			runOnlyForDeploymentPostprocessing = 0;
		};
/* End PBXResourcesBuildPhase section */

/* Begin PBXSourcesBuildPhase section */
		7C9DA6BD23E3515E00F3176C /* Sources */ = {
			isa = PBXSourcesBuildPhase;
			buildActionMask = 2147483647;
			files = (
				7C9DA6C923E3515E00F3176C /* ViewController.swift in Sources */,
				7C9DA6C523E3515E00F3176C /* AppDelegate.swift in Sources */,
				7C9DA6C723E3515E00F3176C /* SceneDelegate.swift in Sources */,
			);
			runOnlyForDeploymentPostprocessing = 0;
		};
/* End PBXSourcesBuildPhase section */

/* Begin PBXVariantGroup section */
		7C9DA6CA23E3515E00F3176C /* Main.storyboard */ = {
			isa = PBXVariantGroup;
			children = (
				7C9DA6CB23E3515E00F3176C /* Base */,
			);
			name = Main.storyboard;
			sourceTree = "<group>";
		};
		7C9DA6CF23E3515E00F3176C /* LaunchScreen.storyboard */ = {
			isa = PBXVariantGroup;
			children = (
				7C9DA6D023E3515E00F3176C /* Base */,
			);
			name = LaunchScreen.storyboard;
			sourceTree = "<group>";
		};
/* End PBXVariantGroup section */

/* Begin XCBuildConfiguration section */
		7C9DA6D323E3515E00F3176C /* Debug */ = {
			isa = XCBuildConfiguration;
			buildSettings = {
				ALWAYS_SEARCH_USER_PATHS = NO;
				CLANG_ANALYZER_NONNULL = YES;
				CLANG_ANALYZER_NUMBER_OBJECT_CONVERSION = YES_AGGRESSIVE;
				CLANG_CXX_LANGUAGE_STANDARD = "gnu++14";
				CLANG_CXX_LIBRARY = "libc++";
				CLANG_ENABLE_MODULES = YES;
				CLANG_ENABLE_OBJC_ARC = YES;
				CLANG_ENABLE_OBJC_WEAK = YES;
				CLANG_WARN_BLOCK_CAPTURE_AUTORELEASING = YES;
				CLANG_WARN_BOOL_CONVERSION = YES;
				CLANG_WARN_COMMA = YES;
				CLANG_WARN_CONSTANT_CONVERSION = YES;
				CLANG_WARN_DEPRECATED_OBJC_IMPLEMENTATIONS = YES;
				CLANG_WARN_DIRECT_OBJC_ISA_USAGE = YES_ERROR;
				CLANG_WARN_DOCUMENTATION_COMMENTS = YES;
				CLANG_WARN_EMPTY_BODY = YES;
				CLANG_WARN_ENUM_CONVERSION = YES;
				CLANG_WARN_INFINITE_RECURSION = YES;
				CLANG_WARN_INT_CONVERSION = YES;
				CLANG_WARN_NON_LITERAL_NULL_CONVERSION = YES;
				CLANG_WARN_OBJC_IMPLICIT_RETAIN_SELF = YES;
				CLANG_WARN_OBJC_LITERAL_CONVERSION = YES;
				CLANG_WARN_OBJC_ROOT_CLASS = YES_ERROR;
				CLANG_WARN_RANGE_LOOP_ANALYSIS = YES;
				CLANG_WARN_STRICT_PROTOTYPES = YES;
				CLANG_WARN_SUSPICIOUS_MOVE = YES;
				CLANG_WARN_UNGUARDED_AVAILABILITY = YES_AGGRESSIVE;
				CLANG_WARN_UNREACHABLE_CODE = YES;
				CLANG_WARN__DUPLICATE_METHOD_MATCH = YES;
				COPY_PHASE_STRIP = NO;
				DEBUG_INFORMATION_FORMAT = dwarf;
				ENABLE_STRICT_OBJC_MSGSEND = YES;
				ENABLE_TESTABILITY = YES;
				GCC_C_LANGUAGE_STANDARD = gnu11;
				GCC_DYNAMIC_NO_PIC = NO;
				GCC_NO_COMMON_BLOCKS = YES;
				GCC_OPTIMIZATION_LEVEL = 0;
				GCC_PREPROCESSOR_DEFINITIONS = (
					"DEBUG=1",
					"$(inherited)",
				);
				GCC_WARN_64_TO_32_BIT_CONVERSION = YES;
				GCC_WARN_ABOUT_RETURN_TYPE = YES_ERROR;
				GCC_WARN_UNDECLARED_SELECTOR = YES;
				GCC_WARN_UNINITIALIZED_AUTOS = YES_AGGRESSIVE;
				GCC_WARN_UNUSED_FUNCTION = YES;
				GCC_WARN_UNUSED_VARIABLE = YES;
				IPHONEOS_DEPLOYMENT_TARGET = 13.0;
				MTL_ENABLE_DEBUG_INFO = INCLUDE_SOURCE;
				MTL_FAST_MATH = YES;
				ONLY_ACTIVE_ARCH = YES;
				SDKROOT = iphoneos;
				SWIFT_ACTIVE_COMPILATION_CONDITIONS = DEBUG;
				SWIFT_OPTIMIZATION_LEVEL = "-Onone";
			};
			name = Debug;
		};
		7C9DA6D423E3515E00F3176C /* Release */ = {
			isa = XCBuildConfiguration;
			buildSettings = {
				ALWAYS_SEARCH_USER_PATHS = NO;
				CLANG_ANALYZER_NONNULL = YES;
				CLANG_ANALYZER_NUMBER_OBJECT_CONVERSION = YES_AGGRESSIVE;
				CLANG_CXX_LANGUAGE_STANDARD = "gnu++14";
				CLANG_CXX_LIBRARY = "libc++";
				CLANG_ENABLE_MODULES = YES;
				CLANG_ENABLE_OBJC_ARC = YES;
				CLANG_ENABLE_OBJC_WEAK = YES;
				CLANG_WARN_BLOCK_CAPTURE_AUTORELEASING = YES;
				CLANG_WARN_BOOL_CONVERSION = YES;
				CLANG_WARN_COMMA = YES;
				CLANG_WARN_CONSTANT_CONVERSION = YES;
				CLANG_WARN_DEPRECATED_OBJC_IMPLEMENTATIONS = YES;
				CLANG_WARN_DIRECT_OBJC_ISA_USAGE = YES_ERROR;
				CLANG_WARN_DOCUMENTATION_COMMENTS = YES;
				CLANG_WARN_EMPTY_BODY = YES;
				CLANG_WARN_ENUM_CONVERSION = YES;
				CLANG_WARN_INFINITE_RECURSION = YES;
				CLANG_WARN_INT_CONVERSION = YES;
				CLANG_WARN_NON_LITERAL_NULL_CONVERSION = YES;
				CLANG_WARN_OBJC_IMPLICIT_RETAIN_SELF = YES;
				CLANG_WARN_OBJC_LITERAL_CONVERSION = YES;
				CLANG_WARN_OBJC_ROOT_CLASS = YES_ERROR;
				CLANG_WARN_RANGE_LOOP_ANALYSIS = YES;
				CLANG_WARN_STRICT_PROTOTYPES = YES;
				CLANG_WARN_SUSPICIOUS_MOVE = YES;
				CLANG_WARN_UNGUARDED_AVAILABILITY = YES_AGGRESSIVE;
				CLANG_WARN_UNREACHABLE_CODE = YES;
				CLANG_WARN__DUPLICATE_METHOD_MATCH = YES;
				COPY_PHASE_STRIP = NO;
				DEBUG_INFORMATION_FORMAT = "dwarf-with-dsym";
				ENABLE_NS_ASSERTIONS = NO;
				ENABLE_STRICT_OBJC_MSGSEND = YES;
				GCC_C_LANGUAGE_STANDARD = gnu11;
				GCC_NO_COMMON_BLOCKS = YES;
				GCC_WARN_64_TO_32_BIT_CONVERSION = YES;
				GCC_WARN_ABOUT_RETURN_TYPE = YES_ERROR;
				GCC_WARN_UNDECLARED_SELECTOR = YES;
				GCC_WARN_UNINITIALIZED_AUTOS = YES_AGGRESSIVE;
				GCC_WARN_UNUSED_FUNCTION = YES;
				GCC_WARN_UNUSED_VARIABLE = YES;
				IPHONEOS_DEPLOYMENT_TARGET = 13.0;
				MTL_ENABLE_DEBUG_INFO = NO;
				MTL_FAST_MATH = YES;
				SDKROOT = iphoneos;
				SWIFT_COMPILATION_MODE = wholemodule;
				SWIFT_OPTIMIZATION_LEVEL = "-O";
				VALIDATE_PRODUCT = YES;
			};
			name = Release;
		};
		7C9DA6D623E3515E00F3176C /* Debug */ = {
			isa = XCBuildConfiguration;
			buildSettings = {
				ASSETCATALOG_COMPILER_APPICON_NAME = AppIcon;
				CODE_SIGN_STYLE = Automatic;
				INFOPLIST_FILE = StackViewToPDF/Info.plist;
				LD_RUNPATH_SEARCH_PATHS = (
					"$(inherited)",
					"@executable_path/Frameworks",
				);
				PRODUCT_BUNDLE_IDENTIFIER = DonMag.StackViewToPDF;
				PRODUCT_NAME = "$(TARGET_NAME)";
				SWIFT_VERSION = 5.0;
				TARGETED_DEVICE_FAMILY = "1,2";
			};
			name = Debug;
		};
		7C9DA6D723E3515E00F3176C /* Release */ = {
			isa = XCBuildConfiguration;
			buildSettings = {
				ASSETCATALOG_COMPILER_APPICON_NAME = AppIcon;
				CODE_SIGN_STYLE = Automatic;
				INFOPLIST_FILE = StackViewToPDF/Info.plist;
				LD_RUNPATH_SEARCH_PATHS = (
					"$(inherited)",
					"@executable_path/Frameworks",
				);
				PRODUCT_BUNDLE_IDENTIFIER = DonMag.StackViewToPDF;
				PRODUCT_NAME = "$(TARGET_NAME)";
				SWIFT_VERSION = 5.0;
				TARGETED_DEVICE_FAMILY = "1,2";
			};
			name = Release;
		};
/* End XCBuildConfiguration section */

/* Begin XCConfigurationList section */
		7C9DA6BC23E3515E00F3176C /* Build configuration list for PBXProject "StackViewToPDF" */ = {
			isa = XCConfigurationList;
			buildConfigurations = (
				7C9DA6D323E3515E00F3176C /* Debug */,
				7C9DA6D423E3515E00F3176C /* Release */,
			);
			defaultConfigurationIsVisible = 0;
			defaultConfigurationName = Release;
		};
		7C9DA6D523E3515E00F3176C /* Build configuration list for PBXNativeTarget "StackViewToPDF" */ = {
			isa = XCConfigurationList;
			buildConfigurations = (
				7C9DA6D623E3515E00F3176C /* Debug */,
				7C9DA6D723E3515E00F3176C /* Release */,
			);
			defaultConfigurationIsVisible = 0;
			defaultConfigurationName = Release;
		};
/* End XCConfigurationList section */
	};
	rootObject = 7C9DA6B923E3515E00F3176C /* Project object */;
}
